
Microsoft Visual Studio Solution File, Format Version 12.00
# Visual Studio Version 17
VisualStudioVersion = 17.9.34728.123
MinimumVisualStudioVersion = 10.0.40219.1
Project("{FAE04EC0-301F-11D3-BF4B-00C04F79EFBC}") = "lksDEMAK", "lksDEMAK\lksDEMAK.csproj", "{C7CF9BEF-6CF9-4CE2-B98D-67B9FA088454}"
EndProject
Global
	GlobalSection(SolutionConfigurationPlatforms) = preSolution
		Debug|Any CPU = Debug|Any CPU
		Release|Any CPU = Release|Any CPU
	EndGlobalSection
	GlobalSection(ProjectConfigurationPlatforms) = postSolution
		{C7CF9BEF-6CF9-4CE2-B98D-67B9FA088454}.Debug|Any CPU.ActiveCfg = Debug|Any CPU
		{C7CF9BEF-6CF9-4CE2-B98D-67B9FA088454}.Debug|Any CPU.Build.0 = Debug|Any CPU
		{C7CF9BEF-6CF9-4CE2-B98D-67B9FA088454}.Release|Any CPU.ActiveCfg = Release|Any CPU
		{C7CF9BEF-6CF9-4CE2-B98D-67B9FA088454}.Release|Any CPU.Build.0 = Release|Any CPU
	EndGlobalSection
	GlobalSection(SolutionProperties) = preSolution
		HideSolutionNode = FALSE
	EndGlobalSection
	GlobalSection(ExtensibilityGlobals) = postSolution
		SolutionGuid = {033E1B53-CE1C-4ED9-B0C4-1A1B8AC7D37E}
	EndGlobalSection
EndGlobal
